
Microsoft Visual Studio Solution File, Format Version 12.00
# Visual Studio 15
VisualStudioVersion = 15.0.28307.438
MinimumVisualStudioVersion = 10.0.40219.1
Project("{FAE04EC0-301F-11D3-BF4B-00C04F79EFBC}") = "BankReptile", "BankReptile\BankReptile.csproj", "{1919C97D-D321-4F58-87E1-B168193EC9BB}"
EndProject
Project("{FAE04EC0-301F-11D3-BF4B-00C04F79EFBC}") = "JWebBrowser", "JWebBrowser\JWebBrowser.csproj", "{DBF60EC9-7FC3-4255-A10B-F733D512FA22}"
EndProject
Project("{FAE04EC0-301F-11D3-BF4B-00C04F79EFBC}") = "Entity", "Entity\Entity.csproj", "{66A16B69-5F3C-43F6-992D-3A3E86876691}"
EndProject
Project("{FAE04EC0-301F-11D3-BF4B-00C04F79EFBC}") = "Common", "Common\Common.csproj", "{C42325C6-F8E7-4986-8A7C-585D6DA5A9DC}"
EndProject
Project("{FAE04EC0-301F-11D3-BF4B-00C04F79EFBC}") = "JBlink", "JBlink\JBlink.csproj", "{0D86D0FA-0E4D-4973-BEEE-631A9AE23A86}"
EndProject
Project("{FAE04EC0-301F-11D3-BF4B-00C04F79EFBC}") = "JWebBrowserCommon", "JWebBrowserCommon\JWebBrowserCommon.csproj", "{FAD667B5-7476-40BA-948B-AFE921A04698}"
EndProject
Project("{FAE04EC0-301F-11D3-BF4B-00C04F79EFBC}") = "FWebBrowser", "WindowsForms001\FWebBrowser.csproj", "{C0C6E00C-3F9D-42F4-B88F-D9BE5A160594}"
EndProject
Global
	GlobalSection(SolutionConfigurationPlatforms) = preSolution
		Debug_Linux|Any CPU = Debug_Linux|Any CPU
		Debug_Linux|x86 = Debug_Linux|x86
		Debug_Windows|Any CPU = Debug_Windows|Any CPU
		Debug_Windows|x86 = Debug_Windows|x86
		Debug|Any CPU = Debug|Any CPU
		Debug|x86 = Debug|x86
		Release_Linux|Any CPU = Release_Linux|Any CPU
		Release_Linux|x86 = Release_Linux|x86
		Release_Windows|Any CPU = Release_Windows|Any CPU
		Release_Windows|x86 = Release_Windows|x86
		Release|Any CPU = Release|Any CPU
		Release|x86 = Release|x86
	EndGlobalSection
	GlobalSection(ProjectConfigurationPlatforms) = postSolution
		{1919C97D-D321-4F58-87E1-B168193EC9BB}.Debug_Linux|Any CPU.ActiveCfg = Debug|Any CPU
		{1919C97D-D321-4F58-87E1-B168193EC9BB}.Debug_Linux|Any CPU.Build.0 = Debug|Any CPU
		{1919C97D-D321-4F58-87E1-B168193EC9BB}.Debug_Linux|x86.ActiveCfg = Debug|Any CPU
		{1919C97D-D321-4F58-87E1-B168193EC9BB}.Debug_Linux|x86.Build.0 = Debug|Any CPU
		{1919C97D-D321-4F58-87E1-B168193EC9BB}.Debug_Windows|Any CPU.ActiveCfg = Debug|Any CPU
		{1919C97D-D321-4F58-87E1-B168193EC9BB}.Debug_Windows|Any CPU.Build.0 = Debug|Any CPU
		{1919C97D-D321-4F58-87E1-B168193EC9BB}.Debug_Windows|x86.ActiveCfg = Debug|Any CPU
		{1919C97D-D321-4F58-87E1-B168193EC9BB}.Debug_Windows|x86.Build.0 = Debug|Any CPU
		{1919C97D-D321-4F58-87E1-B168193EC9BB}.Debug|Any CPU.ActiveCfg = Debug|Any CPU
		{1919C97D-D321-4F58-87E1-B168193EC9BB}.Debug|Any CPU.Build.0 = Debug|Any CPU
		{1919C97D-D321-4F58-87E1-B168193EC9BB}.Debug|x86.ActiveCfg = Debug|Any CPU
		{1919C97D-D321-4F58-87E1-B168193EC9BB}.Debug|x86.Build.0 = Debug|Any CPU
		{1919C97D-D321-4F58-87E1-B168193EC9BB}.Release_Linux|Any CPU.ActiveCfg = Release|Any CPU
		{1919C97D-D321-4F58-87E1-B168193EC9BB}.Release_Linux|Any CPU.Build.0 = Release|Any CPU
		{1919C97D-D321-4F58-87E1-B168193EC9BB}.Release_Linux|x86.ActiveCfg = Release|Any CPU
		{1919C97D-D321-4F58-87E1-B168193EC9BB}.Release_Linux|x86.Build.0 = Release|Any CPU
		{1919C97D-D321-4F58-87E1-B168193EC9BB}.Release_Windows|Any CPU.ActiveCfg = Release|Any CPU
		{1919C97D-D321-4F58-87E1-B168193EC9BB}.Release_Windows|Any CPU.Build.0 = Release|Any CPU
		{1919C97D-D321-4F58-87E1-B168193EC9BB}.Release_Windows|x86.ActiveCfg = Release|Any CPU
		{1919C97D-D321-4F58-87E1-B168193EC9BB}.Release_Windows|x86.Build.0 = Release|Any CPU
		{1919C97D-D321-4F58-87E1-B168193EC9BB}.Release|Any CPU.ActiveCfg = Release|Any CPU
		{1919C97D-D321-4F58-87E1-B168193EC9BB}.Release|Any CPU.Build.0 = Release|Any CPU
		{1919C97D-D321-4F58-87E1-B168193EC9BB}.Release|x86.ActiveCfg = Release|Any CPU
		{1919C97D-D321-4F58-87E1-B168193EC9BB}.Release|x86.Build.0 = Release|Any CPU
		{DBF60EC9-7FC3-4255-A10B-F733D512FA22}.Debug_Linux|Any CPU.ActiveCfg = Debug|Any CPU
		{DBF60EC9-7FC3-4255-A10B-F733D512FA22}.Debug_Linux|Any CPU.Build.0 = Debug|Any CPU
		{DBF60EC9-7FC3-4255-A10B-F733D512FA22}.Debug_Linux|x86.ActiveCfg = Debug|Any CPU
		{DBF60EC9-7FC3-4255-A10B-F733D512FA22}.Debug_Linux|x86.Build.0 = Debug|Any CPU
		{DBF60EC9-7FC3-4255-A10B-F733D512FA22}.Debug_Windows|Any CPU.ActiveCfg = Debug|Any CPU
		{DBF60EC9-7FC3-4255-A10B-F733D512FA22}.Debug_Windows|Any CPU.Build.0 = Debug|Any CPU
		{DBF60EC9-7FC3-4255-A10B-F733D512FA22}.Debug_Windows|x86.ActiveCfg = Debug|Any CPU
		{DBF60EC9-7FC3-4255-A10B-F733D512FA22}.Debug_Windows|x86.Build.0 = Debug|Any CPU
		{DBF60EC9-7FC3-4255-A10B-F733D512FA22}.Debug|Any CPU.ActiveCfg = Debug|Any CPU
		{DBF60EC9-7FC3-4255-A10B-F733D512FA22}.Debug|Any CPU.Build.0 = Debug|Any CPU
		{DBF60EC9-7FC3-4255-A10B-F733D512FA22}.Debug|x86.ActiveCfg = Debug|Any CPU
		{DBF60EC9-7FC3-4255-A10B-F733D512FA22}.Debug|x86.Build.0 = Debug|Any CPU
		{DBF60EC9-7FC3-4255-A10B-F733D512FA22}.Release_Linux|Any CPU.ActiveCfg = Release|Any CPU
		{DBF60EC9-7FC3-4255-A10B-F733D512FA22}.Release_Linux|Any CPU.Build.0 = Release|Any CPU
		{DBF60EC9-7FC3-4255-A10B-F733D512FA22}.Release_Linux|x86.ActiveCfg = Release|Any CPU
		{DBF60EC9-7FC3-4255-A10B-F733D512FA22}.Release_Linux|x86.Build.0 = Release|Any CPU
		{DBF60EC9-7FC3-4255-A10B-F733D512FA22}.Release_Windows|Any CPU.ActiveCfg = Release|Any CPU
		{DBF60EC9-7FC3-4255-A10B-F733D512FA22}.Release_Windows|Any CPU.Build.0 = Release|Any CPU
		{DBF60EC9-7FC3-4255-A10B-F733D512FA22}.Release_Windows|x86.ActiveCfg = Release|Any CPU
		{DBF60EC9-7FC3-4255-A10B-F733D512FA22}.Release_Windows|x86.Build.0 = Release|Any CPU
		{DBF60EC9-7FC3-4255-A10B-F733D512FA22}.Release|Any CPU.ActiveCfg = Release|Any CPU
		{DBF60EC9-7FC3-4255-A10B-F733D512FA22}.Release|Any CPU.Build.0 = Release|Any CPU
		{DBF60EC9-7FC3-4255-A10B-F733D512FA22}.Release|x86.ActiveCfg = Release|Any CPU
		{DBF60EC9-7FC3-4255-A10B-F733D512FA22}.Release|x86.Build.0 = Release|Any CPU
		{66A16B69-5F3C-43F6-992D-3A3E86876691}.Debug_Linux|Any CPU.ActiveCfg = Debug|Any CPU
		{66A16B69-5F3C-43F6-992D-3A3E86876691}.Debug_Linux|Any CPU.Build.0 = Debug|Any CPU
		{66A16B69-5F3C-43F6-992D-3A3E86876691}.Debug_Linux|x86.ActiveCfg = Debug|Any CPU
		{66A16B69-5F3C-43F6-992D-3A3E86876691}.Debug_Linux|x86.Build.0 = Debug|Any CPU
		{66A16B69-5F3C-43F6-992D-3A3E86876691}.Debug_Windows|Any CPU.ActiveCfg = Debug|Any CPU
		{66A16B69-5F3C-43F6-992D-3A3E86876691}.Debug_Windows|Any CPU.Build.0 = Debug|Any CPU
		{66A16B69-5F3C-43F6-992D-3A3E86876691}.Debug_Windows|x86.ActiveCfg = Debug|Any CPU
		{66A16B69-5F3C-43F6-992D-3A3E86876691}.Debug_Windows|x86.Build.0 = Debug|Any CPU
		{66A16B69-5F3C-43F6-992D-3A3E86876691}.Debug|Any CPU.ActiveCfg = Debug|Any CPU
		{66A16B69-5F3C-43F6-992D-3A3E86876691}.Debug|Any CPU.Build.0 = Debug|Any CPU
		{66A16B69-5F3C-43F6-992D-3A3E86876691}.Debug|x86.ActiveCfg = Debug|Any CPU
		{66A16B69-5F3C-43F6-992D-3A3E86876691}.Debug|x86.Build.0 = Debug|Any CPU
		{66A16B69-5F3C-43F6-992D-3A3E86876691}.Release_Linux|Any CPU.ActiveCfg = Release|Any CPU
		{66A16B69-5F3C-43F6-992D-3A3E86876691}.Release_Linux|Any CPU.Build.0 = Release|Any CPU
		{66A16B69-5F3C-43F6-992D-3A3E86876691}.Release_Linux|x86.ActiveCfg = Release|Any CPU
		{66A16B69-5F3C-43F6-992D-3A3E86876691}.Release_Linux|x86.Build.0 = Release|Any CPU
		{66A16B69-5F3C-43F6-992D-3A3E86876691}.Release_Windows|Any CPU.ActiveCfg = Release|Any CPU
		{66A16B69-5F3C-43F6-992D-3A3E86876691}.Release_Windows|Any CPU.Build.0 = Release|Any CPU
		{66A16B69-5F3C-43F6-992D-3A3E86876691}.Release_Windows|x86.ActiveCfg = Release|Any CPU
		{66A16B69-5F3C-43F6-992D-3A3E86876691}.Release_Windows|x86.Build.0 = Release|Any CPU
		{66A16B69-5F3C-43F6-992D-3A3E86876691}.Release|Any CPU.ActiveCfg = Release|Any CPU
		{66A16B69-5F3C-43F6-992D-3A3E86876691}.Release|Any CPU.Build.0 = Release|Any CPU
		{66A16B69-5F3C-43F6-992D-3A3E86876691}.Release|x86.ActiveCfg = Release|Any CPU
		{66A16B69-5F3C-43F6-992D-3A3E86876691}.Release|x86.Build.0 = Release|Any CPU
		{C42325C6-F8E7-4986-8A7C-585D6DA5A9DC}.Debug_Linux|Any CPU.ActiveCfg = Debug|Any CPU
		{C42325C6-F8E7-4986-8A7C-585D6DA5A9DC}.Debug_Linux|Any CPU.Build.0 = Debug|Any CPU
		{C42325C6-F8E7-4986-8A7C-585D6DA5A9DC}.Debug_Linux|x86.ActiveCfg = Debug|Any CPU
		{C42325C6-F8E7-4986-8A7C-585D6DA5A9DC}.Debug_Linux|x86.Build.0 = Debug|Any CPU
		{C42325C6-F8E7-4986-8A7C-585D6DA5A9DC}.Debug_Windows|Any CPU.ActiveCfg = Debug|Any CPU
		{C42325C6-F8E7-4986-8A7C-585D6DA5A9DC}.Debug_Windows|Any CPU.Build.0 = Debug|Any CPU
		{C42325C6-F8E7-4986-8A7C-585D6DA5A9DC}.Debug_Windows|x86.ActiveCfg = Debug|Any CPU
		{C42325C6-F8E7-4986-8A7C-585D6DA5A9DC}.Debug_Windows|x86.Build.0 = Debug|Any CPU
		{C42325C6-F8E7-4986-8A7C-585D6DA5A9DC}.Debug|Any CPU.ActiveCfg = Debug|Any CPU
		{C42325C6-F8E7-4986-8A7C-585D6DA5A9DC}.Debug|Any CPU.Build.0 = Debug|Any CPU
		{C42325C6-F8E7-4986-8A7C-585D6DA5A9DC}.Debug|x86.ActiveCfg = Debug|Any CPU
		{C42325C6-F8E7-4986-8A7C-585D6DA5A9DC}.Debug|x86.Build.0 = Debug|Any CPU
		{C42325C6-F8E7-4986-8A7C-585D6DA5A9DC}.Release_Linux|Any CPU.ActiveCfg = Release|Any CPU
		{C42325C6-F8E7-4986-8A7C-585D6DA5A9DC}.Release_Linux|Any CPU.Build.0 = Release|Any CPU
		{C42325C6-F8E7-4986-8A7C-585D6DA5A9DC}.Release_Linux|x86.ActiveCfg = Release|Any CPU
		{C42325C6-F8E7-4986-8A7C-585D6DA5A9DC}.Release_Linux|x86.Build.0 = Release|Any CPU
		{C42325C6-F8E7-4986-8A7C-585D6DA5A9DC}.Release_Windows|Any CPU.ActiveCfg = Release|Any CPU
		{C42325C6-F8E7-4986-8A7C-585D6DA5A9DC}.Release_Windows|Any CPU.Build.0 = Release|Any CPU
		{C42325C6-F8E7-4986-8A7C-585D6DA5A9DC}.Release_Windows|x86.ActiveCfg = Release|Any CPU
		{C42325C6-F8E7-4986-8A7C-585D6DA5A9DC}.Release_Windows|x86.Build.0 = Release|Any CPU
		{C42325C6-F8E7-4986-8A7C-585D6DA5A9DC}.Release|Any CPU.ActiveCfg = Release|Any CPU
		{C42325C6-F8E7-4986-8A7C-585D6DA5A9DC}.Release|Any CPU.Build.0 = Release|Any CPU
		{C42325C6-F8E7-4986-8A7C-585D6DA5A9DC}.Release|x86.ActiveCfg = Release|Any CPU
		{C42325C6-F8E7-4986-8A7C-585D6DA5A9DC}.Release|x86.Build.0 = Release|Any CPU
		{0D86D0FA-0E4D-4973-BEEE-631A9AE23A86}.Debug_Linux|Any CPU.ActiveCfg = Debug|Any CPU
		{0D86D0FA-0E4D-4973-BEEE-631A9AE23A86}.Debug_Linux|Any CPU.Build.0 = Debug|Any CPU
		{0D86D0FA-0E4D-4973-BEEE-631A9AE23A86}.Debug_Linux|x86.ActiveCfg = Debug|Any CPU
		{0D86D0FA-0E4D-4973-BEEE-631A9AE23A86}.Debug_Linux|x86.Build.0 = Debug|Any CPU
		{0D86D0FA-0E4D-4973-BEEE-631A9AE23A86}.Debug_Windows|Any CPU.ActiveCfg = Debug|Any CPU
		{0D86D0FA-0E4D-4973-BEEE-631A9AE23A86}.Debug_Windows|Any CPU.Build.0 = Debug|Any CPU
		{0D86D0FA-0E4D-4973-BEEE-631A9AE23A86}.Debug_Windows|x86.ActiveCfg = Debug|Any CPU
		{0D86D0FA-0E4D-4973-BEEE-631A9AE23A86}.Debug_Windows|x86.Build.0 = Debug|Any CPU
		{0D86D0FA-0E4D-4973-BEEE-631A9AE23A86}.Debug|Any CPU.ActiveCfg = Debug|Any CPU
		{0D86D0FA-0E4D-4973-BEEE-631A9AE23A86}.Debug|Any CPU.Build.0 = Debug|Any CPU
		{0D86D0FA-0E4D-4973-BEEE-631A9AE23A86}.Debug|x86.ActiveCfg = Debug|Any CPU
		{0D86D0FA-0E4D-4973-BEEE-631A9AE23A86}.Debug|x86.Build.0 = Debug|Any CPU
		{0D86D0FA-0E4D-4973-BEEE-631A9AE23A86}.Release_Linux|Any CPU.ActiveCfg = Release|Any CPU
		{0D86D0FA-0E4D-4973-BEEE-631A9AE23A86}.Release_Linux|Any CPU.Build.0 = Release|Any CPU
		{0D86D0FA-0E4D-4973-BEEE-631A9AE23A86}.Release_Linux|x86.ActiveCfg = Release|Any CPU
		{0D86D0FA-0E4D-4973-BEEE-631A9AE23A86}.Release_Linux|x86.Build.0 = Release|Any CPU
		{0D86D0FA-0E4D-4973-BEEE-631A9AE23A86}.Release_Windows|Any CPU.ActiveCfg = Release|Any CPU
		{0D86D0FA-0E4D-4973-BEEE-631A9AE23A86}.Release_Windows|Any CPU.Build.0 = Release|Any CPU
		{0D86D0FA-0E4D-4973-BEEE-631A9AE23A86}.Release_Windows|x86.ActiveCfg = Release|Any CPU
		{0D86D0FA-0E4D-4973-BEEE-631A9AE23A86}.Release_Windows|x86.Build.0 = Release|Any CPU
		{0D86D0FA-0E4D-4973-BEEE-631A9AE23A86}.Release|Any CPU.ActiveCfg = Release|Any CPU
		{0D86D0FA-0E4D-4973-BEEE-631A9AE23A86}.Release|Any CPU.Build.0 = Release|Any CPU
		{0D86D0FA-0E4D-4973-BEEE-631A9AE23A86}.Release|x86.ActiveCfg = Release|Any CPU
		{0D86D0FA-0E4D-4973-BEEE-631A9AE23A86}.Release|x86.Build.0 = Release|Any CPU
		{FAD667B5-7476-40BA-948B-AFE921A04698}.Debug_Linux|Any CPU.ActiveCfg = Debug|Any CPU
		{FAD667B5-7476-40BA-948B-AFE921A04698}.Debug_Linux|Any CPU.Build.0 = Debug|Any CPU
		{FAD667B5-7476-40BA-948B-AFE921A04698}.Debug_Linux|x86.ActiveCfg = Debug|Any CPU
		{FAD667B5-7476-40BA-948B-AFE921A04698}.Debug_Linux|x86.Build.0 = Debug|Any CPU
		{FAD667B5-7476-40BA-948B-AFE921A04698}.Debug_Windows|Any CPU.ActiveCfg = Debug|Any CPU
		{FAD667B5-7476-40BA-948B-AFE921A04698}.Debug_Windows|Any CPU.Build.0 = Debug|Any CPU
		{FAD667B5-7476-40BA-948B-AFE921A04698}.Debug_Windows|x86.ActiveCfg = Debug|Any CPU
		{FAD667B5-7476-40BA-948B-AFE921A04698}.Debug_Windows|x86.Build.0 = Debug|Any CPU
		{FAD667B5-7476-40BA-948B-AFE921A04698}.Debug|Any CPU.ActiveCfg = Debug|Any CPU
		{FAD667B5-7476-40BA-948B-AFE921A04698}.Debug|Any CPU.Build.0 = Debug|Any CPU
		{FAD667B5-7476-40BA-948B-AFE921A04698}.Debug|x86.ActiveCfg = Debug|Any CPU
		{FAD667B5-7476-40BA-948B-AFE921A04698}.Debug|x86.Build.0 = Debug|Any CPU
		{FAD667B5-7476-40BA-948B-AFE921A04698}.Release_Linux|Any CPU.ActiveCfg = Release|Any CPU
		{FAD667B5-7476-40BA-948B-AFE921A04698}.Release_Linux|Any CPU.Build.0 = Release|Any CPU
		{FAD667B5-7476-40BA-948B-AFE921A04698}.Release_Linux|x86.ActiveCfg = Release|Any CPU
		{FAD667B5-7476-40BA-948B-AFE921A04698}.Release_Linux|x86.Build.0 = Release|Any CPU
		{FAD667B5-7476-40BA-948B-AFE921A04698}.Release_Windows|Any CPU.ActiveCfg = Release|Any CPU
		{FAD667B5-7476-40BA-948B-AFE921A04698}.Release_Windows|Any CPU.Build.0 = Release|Any CPU
		{FAD667B5-7476-40BA-948B-AFE921A04698}.Release_Windows|x86.ActiveCfg = Release|Any CPU
		{FAD667B5-7476-40BA-948B-AFE921A04698}.Release_Windows|x86.Build.0 = Release|Any CPU
		{FAD667B5-7476-40BA-948B-AFE921A04698}.Release|Any CPU.ActiveCfg = Release|Any CPU
		{FAD667B5-7476-40BA-948B-AFE921A04698}.Release|Any CPU.Build.0 = Release|Any CPU
		{FAD667B5-7476-40BA-948B-AFE921A04698}.Release|x86.ActiveCfg = Release|Any CPU
		{FAD667B5-7476-40BA-948B-AFE921A04698}.Release|x86.Build.0 = Release|Any CPU
		{C0C6E00C-3F9D-42F4-B88F-D9BE5A160594}.Debug_Linux|Any CPU.ActiveCfg = Debug|Any CPU
		{C0C6E00C-3F9D-42F4-B88F-D9BE5A160594}.Debug_Linux|Any CPU.Build.0 = Debug|Any CPU
		{C0C6E00C-3F9D-42F4-B88F-D9BE5A160594}.Debug_Linux|x86.ActiveCfg = Debug|Any CPU
		{C0C6E00C-3F9D-42F4-B88F-D9BE5A160594}.Debug_Linux|x86.Build.0 = Debug|Any CPU
		{C0C6E00C-3F9D-42F4-B88F-D9BE5A160594}.Debug_Windows|Any CPU.ActiveCfg = Debug|Any CPU
		{C0C6E00C-3F9D-42F4-B88F-D9BE5A160594}.Debug_Windows|Any CPU.Build.0 = Debug|Any CPU
		{C0C6E00C-3F9D-42F4-B88F-D9BE5A160594}.Debug_Windows|x86.ActiveCfg = Debug|Any CPU
		{C0C6E00C-3F9D-42F4-B88F-D9BE5A160594}.Debug_Windows|x86.Build.0 = Debug|Any CPU
		{C0C6E00C-3F9D-42F4-B88F-D9BE5A160594}.Debug|Any CPU.ActiveCfg = Debug|Any CPU
		{C0C6E00C-3F9D-42F4-B88F-D9BE5A160594}.Debug|Any CPU.Build.0 = Debug|Any CPU
		{C0C6E00C-3F9D-42F4-B88F-D9BE5A160594}.Debug|x86.ActiveCfg = Debug|Any CPU
		{C0C6E00C-3F9D-42F4-B88F-D9BE5A160594}.Debug|x86.Build.0 = Debug|Any CPU
		{C0C6E00C-3F9D-42F4-B88F-D9BE5A160594}.Release_Linux|Any CPU.ActiveCfg = Release|Any CPU
		{C0C6E00C-3F9D-42F4-B88F-D9BE5A160594}.Release_Linux|Any CPU.Build.0 = Release|Any CPU
		{C0C6E00C-3F9D-42F4-B88F-D9BE5A160594}.Release_Linux|x86.ActiveCfg = Release|Any CPU
		{C0C6E00C-3F9D-42F4-B88F-D9BE5A160594}.Release_Linux|x86.Build.0 = Release|Any CPU
		{C0C6E00C-3F9D-42F4-B88F-D9BE5A160594}.Release_Windows|Any CPU.ActiveCfg = Release|Any CPU
		{C0C6E00C-3F9D-42F4-B88F-D9BE5A160594}.Release_Windows|Any CPU.Build.0 = Release|Any CPU
		{C0C6E00C-3F9D-42F4-B88F-D9BE5A160594}.Release_Windows|x86.ActiveCfg = Release|Any CPU
		{C0C6E00C-3F9D-42F4-B88F-D9BE5A160594}.Release_Windows|x86.Build.0 = Release|Any CPU
		{C0C6E00C-3F9D-42F4-B88F-D9BE5A160594}.Release|Any CPU.ActiveCfg = Release|Any CPU
		{C0C6E00C-3F9D-42F4-B88F-D9BE5A160594}.Release|Any CPU.Build.0 = Release|Any CPU
		{C0C6E00C-3F9D-42F4-B88F-D9BE5A160594}.Release|x86.ActiveCfg = Release|Any CPU
		{C0C6E00C-3F9D-42F4-B88F-D9BE5A160594}.Release|x86.Build.0 = Release|Any CPU
	EndGlobalSection
	GlobalSection(SolutionProperties) = preSolution
		HideSolutionNode = FALSE
	EndGlobalSection
	GlobalSection(ExtensibilityGlobals) = postSolution
		SolutionGuid = {B54F4643-AFF0-4D9E-969E-6B15EDAB381C}
	EndGlobalSection
EndGlobal
